
Microsoft Visual Studio Solution File, Format Version 12.00
# Visual Studio Version 17
VisualStudioVersion = 17.8.34330.188
MinimumVisualStudioVersion = 10.0.40219.1
Project("{FAE04EC0-301F-11D3-BF4B-00C04F79EFBC}") = "BookWeb(MVC)", "BookWeb(MVC)\BookWeb(MVC).csproj", "{48AF3B92-E8AD-4ED9-A96B-0F9362190FB4}"
EndProject
Global
	GlobalSection(SolutionConfigurationPlatforms) = preSolution
		Debug|Any CPU = Debug|Any CPU
		Release|Any CPU = Release|Any CPU
	EndGlobalSection
	GlobalSection(ProjectConfigurationPlatforms) = postSolution
		{48AF3B92-E8AD-4ED9-A96B-0F9362190FB4}.Debug|Any CPU.ActiveCfg = Debug|Any CPU
		{48AF3B92-E8AD-4ED9-A96B-0F9362190FB4}.Debug|Any CPU.Build.0 = Debug|Any CPU
		{48AF3B92-E8AD-4ED9-A96B-0F9362190FB4}.Release|Any CPU.ActiveCfg = Release|Any CPU
		{48AF3B92-E8AD-4ED9-A96B-0F9362190FB4}.Release|Any CPU.Build.0 = Release|Any CPU
	EndGlobalSection
	GlobalSection(SolutionProperties) = preSolution
		HideSolutionNode = FALSE
	EndGlobalSection
	GlobalSection(ExtensibilityGlobals) = postSolution
		SolutionGuid = {D408CA3E-045A-4D4E-93E0-1CC70D6BB13A}
	EndGlobalSection
EndGlobal
